
Microsoft Visual Studio Solution File, Format Version 12.00
# Visual Studio Version 17
VisualStudioVersion = 17.10.35027.167
MinimumVisualStudioVersion = 10.0.40219.1
Project("{FAE04EC0-301F-11D3-BF4B-00C04F79EFBC}") = "Practice-Identity", "Practice-Identity\Practice-Identity.csproj", "{668DD6A2-9174-40C0-8C1B-FC08F7BFF9B3}"
EndProject
Global
	GlobalSection(SolutionConfigurationPlatforms) = preSolution
		Debug|Any CPU = Debug|Any CPU
		Release|Any CPU = Release|Any CPU
	EndGlobalSection
	GlobalSection(ProjectConfigurationPlatforms) = postSolution
		{668DD6A2-9174-40C0-8C1B-FC08F7BFF9B3}.Debug|Any CPU.ActiveCfg = Debug|Any CPU
		{668DD6A2-9174-40C0-8C1B-FC08F7BFF9B3}.Debug|Any CPU.Build.0 = Debug|Any CPU
		{668DD6A2-9174-40C0-8C1B-FC08F7BFF9B3}.Release|Any CPU.ActiveCfg = Release|Any CPU
		{668DD6A2-9174-40C0-8C1B-FC08F7BFF9B3}.Release|Any CPU.Build.0 = Release|Any CPU
	EndGlobalSection
	GlobalSection(SolutionProperties) = preSolution
		HideSolutionNode = FALSE
	EndGlobalSection
	GlobalSection(ExtensibilityGlobals) = postSolution
		SolutionGuid = {6C8DEA0D-EA29-4C7D-92E1-A831DF02FCF8}
	EndGlobalSection
EndGlobal
